
Microsoft Visual Studio Solution File, Format Version 12.00
Project("{FAE04EC0-301F-11D3-BF4B-00C04F79EFBC}") = "Core", "Core\Core.csproj", "{9BDFE885-45E5-4E99-9144-3EF4CA4E161B}"
EndProject
Project("{FAE04EC0-301F-11D3-BF4B-00C04F79EFBC}") = "iOS", "iOS\iOS.csproj", "{A632ACA4-AA67-4C4F-8700-17E61B9491F7}"
EndProject
Project("{FAE04EC0-301F-11D3-BF4B-00C04F79EFBC}") = "Droid", "Droid\Droid.csproj", "{2C52524A-8409-437F-A78D-1E91581FC814}"
EndProject
Global
	GlobalSection(SolutionConfigurationPlatforms) = preSolution
		Debug|Any CPU = Debug|Any CPU
		Release|Any CPU = Release|Any CPU
	EndGlobalSection
	GlobalSection(ProjectConfigurationPlatforms) = postSolution
		{9BDFE885-45E5-4E99-9144-3EF4CA4E161B}.Debug|Any CPU.ActiveCfg = Debug|Any CPU
		{9BDFE885-45E5-4E99-9144-3EF4CA4E161B}.Debug|Any CPU.Build.0 = Debug|Any CPU
		{9BDFE885-45E5-4E99-9144-3EF4CA4E161B}.Release|Any CPU.ActiveCfg = Release|Any CPU
		{9BDFE885-45E5-4E99-9144-3EF4CA4E161B}.Release|Any CPU.Build.0 = Release|Any CPU
		{A632ACA4-AA67-4C4F-8700-17E61B9491F7}.Debug|Any CPU.ActiveCfg = Debug|Any CPU
		{A632ACA4-AA67-4C4F-8700-17E61B9491F7}.Debug|Any CPU.Build.0 = Debug|Any CPU
		{A632ACA4-AA67-4C4F-8700-17E61B9491F7}.Release|Any CPU.ActiveCfg = Release|Any CPU
		{A632ACA4-AA67-4C4F-8700-17E61B9491F7}.Release|Any CPU.Build.0 = Release|Any CPU
		{2C52524A-8409-437F-A78D-1E91581FC814}.Debug|Any CPU.ActiveCfg = Debug|Any CPU
		{2C52524A-8409-437F-A78D-1E91581FC814}.Debug|Any CPU.Build.0 = Debug|Any CPU
		{2C52524A-8409-437F-A78D-1E91581FC814}.Release|Any CPU.ActiveCfg = Release|Any CPU
		{2C52524A-8409-437F-A78D-1E91581FC814}.Release|Any CPU.Build.0 = Release|Any CPU
	EndGlobalSection
EndGlobal
